
Microsoft Visual Studio Solution File, Format Version 12.00
# Visual Studio 15
VisualStudioVersion = 15.0.27428.2005
MinimumVisualStudioVersion = 10.0.40219.1
Project("{FAE04EC0-301F-11D3-BF4B-00C04F79EFBC}") = "Palindrome.Client", "Palindrome.Client\Palindrome.Client.csproj", "{236CDDD8-2A5E-4F6A-B066-4F8041195C20}"
EndProject
Project("{FAE04EC0-301F-11D3-BF4B-00C04F79EFBC}") = "Palindrome.Library", "Palindrome\Palindrome.Library.csproj", "{25760892-B80F-4A28-9512-F9A5D5D9A6AC}"
EndProject
Global
	GlobalSection(SolutionConfigurationPlatforms) = preSolution
		Debug|Any CPU = Debug|Any CPU
		Release|Any CPU = Release|Any CPU
	EndGlobalSection
	GlobalSection(ProjectConfigurationPlatforms) = postSolution
		{236CDDD8-2A5E-4F6A-B066-4F8041195C20}.Debug|Any CPU.ActiveCfg = Debug|Any CPU
		{236CDDD8-2A5E-4F6A-B066-4F8041195C20}.Debug|Any CPU.Build.0 = Debug|Any CPU
		{236CDDD8-2A5E-4F6A-B066-4F8041195C20}.Release|Any CPU.ActiveCfg = Release|Any CPU
		{236CDDD8-2A5E-4F6A-B066-4F8041195C20}.Release|Any CPU.Build.0 = Release|Any CPU
		{25760892-B80F-4A28-9512-F9A5D5D9A6AC}.Debug|Any CPU.ActiveCfg = Debug|Any CPU
		{25760892-B80F-4A28-9512-F9A5D5D9A6AC}.Debug|Any CPU.Build.0 = Debug|Any CPU
		{25760892-B80F-4A28-9512-F9A5D5D9A6AC}.Release|Any CPU.ActiveCfg = Release|Any CPU
		{25760892-B80F-4A28-9512-F9A5D5D9A6AC}.Release|Any CPU.Build.0 = Release|Any CPU
	EndGlobalSection
	GlobalSection(SolutionProperties) = preSolution
		HideSolutionNode = FALSE
	EndGlobalSection
	GlobalSection(ExtensibilityGlobals) = postSolution
		SolutionGuid = {A47D4986-FA5C-4A44-B505-CCC4EA7C9DDA}
	EndGlobalSection
EndGlobal
